
Microsoft Visual Studio Solution File, Format Version 12.00
# Visual Studio 2012
Project("{FAE04EC0-301F-11D3-BF4B-00C04F79EFBC}") = "AdvancedAI", "AdvancedAI\AdvancedAI.csproj", "{26579519-9C10-4DA2-A2A2-DF5D99A3E521}"
EndProject
Global
	GlobalSection(SolutionConfigurationPlatforms) = preSolution
		Debug|Any CPU = Debug|Any CPU
		Release|Any CPU = Release|Any CPU
	EndGlobalSection
	GlobalSection(ProjectConfigurationPlatforms) = postSolution
		{26579519-9C10-4DA2-A2A2-DF5D99A3E521}.Debug|Any CPU.ActiveCfg = Debug|Any CPU
		{26579519-9C10-4DA2-A2A2-DF5D99A3E521}.Debug|Any CPU.Build.0 = Debug|Any CPU
		{26579519-9C10-4DA2-A2A2-DF5D99A3E521}.Release|Any CPU.ActiveCfg = Release|Any CPU
		{26579519-9C10-4DA2-A2A2-DF5D99A3E521}.Release|Any CPU.Build.0 = Release|Any CPU
	EndGlobalSection
	GlobalSection(SolutionProperties) = preSolution
		HideSolutionNode = FALSE
	EndGlobalSection
EndGlobal
